
Microsoft Visual Studio Solution File, Format Version 12.00
# Visual Studio Version 16
VisualStudioVersion = 16.0.32413.511
MinimumVisualStudioVersion = 10.0.40219.1
Project("{FAE04EC0-301F-11D3-BF4B-00C04F79EFBC}") = "WebApp_Cargo_WebApi", "WebApp_Cargo_WebApi\WebApp_Cargo_WebApi.csproj", "{7F5A0645-DDD0-42CA-AE0A-0DE6CACC7726}"
EndProject
Global
	GlobalSection(SolutionConfigurationPlatforms) = preSolution
		Debug|Any CPU = Debug|Any CPU
		Release|Any CPU = Release|Any CPU
	EndGlobalSection
	GlobalSection(ProjectConfigurationPlatforms) = postSolution
		{7F5A0645-DDD0-42CA-AE0A-0DE6CACC7726}.Debug|Any CPU.ActiveCfg = Debug|Any CPU
		{7F5A0645-DDD0-42CA-AE0A-0DE6CACC7726}.Debug|Any CPU.Build.0 = Debug|Any CPU
		{7F5A0645-DDD0-42CA-AE0A-0DE6CACC7726}.Release|Any CPU.ActiveCfg = Release|Any CPU
		{7F5A0645-DDD0-42CA-AE0A-0DE6CACC7726}.Release|Any CPU.Build.0 = Release|Any CPU
	EndGlobalSection
	GlobalSection(SolutionProperties) = preSolution
		HideSolutionNode = FALSE
	EndGlobalSection
	GlobalSection(ExtensibilityGlobals) = postSolution
		SolutionGuid = {8D44D3E1-6894-4A8A-A230-19216A62E0B8}
	EndGlobalSection
EndGlobal
